{
  "name": "agent-platform-boxlite-docker-proof",
  "version": "0.0.0",
  "lockfileVersion": 3,
  "requires": true,
  "packages": {
    "": {
      "name": "agent-platform-boxlite-docker-proof",
      "version": "0.0.0",
      "dependencies": {
        "@boxlite-ai/boxlite": "0.9.7"
      }
    },
    "node_modules/@boxlite-ai/boxlite": {
      "version": "0.9.7",
      "resolved": "https://registry.npmjs.org/@boxlite-ai/boxlite/-/boxlite-0.9.7.tgz",
      "integrity": "sha512-Y/XdJV6c3U6EdesOE4w02wkwOWCvVyCM/ARhXsyM+JbfTl1AAxEFphUSvbV9IYpTEHsiQp2AYJBujl592h/cjg==",
      "license": "Apache-2.0",
      "workspaces": [
        "npm/*"
      ],
      "engines": {
        "node": ">=18.0.0"
      },
      "optionalDependencies": {
        "@boxlite-ai/boxlite-darwin-arm64": "0.9.7",
        "@boxlite-ai/boxlite-linux-arm64-gnu": "0.9.7",
        "@boxlite-ai/boxlite-linux-x64-gnu": "0.9.7"
      },
      "peerDependencies": {
        "playwright-core": ">=1.58.0"
      },
      "peerDependenciesMeta": {
        "playwright-core": {
          "optional": true
        }
      }
    },
    "node_modules/@boxlite-ai/boxlite-darwin-arm64": {
      "version": "0.9.7",
      "resolved": "https://registry.npmjs.org/@boxlite-ai/boxlite-darwin-arm64/-/boxlite-darwin-arm64-0.9.7.tgz",
      "integrity": "sha512-a9Yh7RAB2qRJaYS6SIHszL6Dg7rY3XT0SDHmshm9RF604GpOv/yjm+6iqsjQPhAEnx229SJqCABXXHOkLoDpfw==",
      "cpu": [
        "arm64"
      ],
      "license": "Apache-2.0",
      "optional": true,
      "os": [
        "darwin"
      ],
      "engines": {
        "node": ">=18.0.0"
      }
    },
    "node_modules/@boxlite-ai/boxlite-linux-arm64-gnu": {
      "version": "0.9.7",
      "resolved": "https://registry.npmjs.org/@boxlite-ai/boxlite-linux-arm64-gnu/-/boxlite-linux-arm64-gnu-0.9.7.tgz",
      "integrity": "sha512-8fCL+vX4d0sW2t27oifswFbakJnHot9hhJ8D2aFvm0vyPMnPnGP1UqP/g7FL+7+zlhKNuafkMDqstLpDjHRA7w==",
      "cpu": [
        "arm64"
      ],
      "license": "Apache-2.0",
      "optional": true,
      "os": [
        "linux"
      ],
      "engines": {
        "node": ">=18.0.0"
      }
    },
    "node_modules/@boxlite-ai/boxlite-linux-x64-gnu": {
      "version": "0.9.7",
      "resolved": "https://registry.npmjs.org/@boxlite-ai/boxlite-linux-x64-gnu/-/boxlite-linux-x64-gnu-0.9.7.tgz",
      "integrity": "sha512-4FtqDNKF63+JGDlxyILl9UyVX6xKzK5c0535ziv5ZU18LUBrgqFI3IGZQ8R9pCQ+g7sbcEVFMLG/f2DJJTtWaQ==",
      "cpu": [
        "x64"
      ],
      "license": "Apache-2.0",
      "optional": true,
      "os": [
        "linux"
      ],
      "engines": {
        "node": ">=18.0.0"
      }
    }
  }
}
